
Microsoft Visual Studio Solution File, Format Version 12.00
# Visual Studio 15
VisualStudioVersion = 15.0.28307.645
MinimumVisualStudioVersion = 10.0.40219.1
Project("{FAE04EC0-301F-11D3-BF4B-00C04F79EFBC}") = "TopMakelaars", "TopMakelaars\TopMakelaars.csproj", "{6AC43DEA-4327-4DA0-8CB6-90B6F4AFA29A}"
EndProject
Global
	GlobalSection(SolutionConfigurationPlatforms) = preSolution
		Debug|Any CPU = Debug|Any CPU
		Release|Any CPU = Release|Any CPU
	EndGlobalSection
	GlobalSection(ProjectConfigurationPlatforms) = postSolution
		{6AC43DEA-4327-4DA0-8CB6-90B6F4AFA29A}.Debug|Any CPU.ActiveCfg = Debug|Any CPU
		{6AC43DEA-4327-4DA0-8CB6-90B6F4AFA29A}.Debug|Any CPU.Build.0 = Debug|Any CPU
		{6AC43DEA-4327-4DA0-8CB6-90B6F4AFA29A}.Release|Any CPU.ActiveCfg = Release|Any CPU
		{6AC43DEA-4327-4DA0-8CB6-90B6F4AFA29A}.Release|Any CPU.Build.0 = Release|Any CPU
	EndGlobalSection
	GlobalSection(SolutionProperties) = preSolution
		HideSolutionNode = FALSE
	EndGlobalSection
	GlobalSection(ExtensibilityGlobals) = postSolution
		SolutionGuid = {999F05DF-CA3A-4A68-8A80-7923C3E58406}
	EndGlobalSection
EndGlobal
